// !$*UTF8*$!
{
	archiveVersion = 1;
	classes = {
	};
	objectVersion = 55;
	objects = {

/* Begin PBXBuildFile section */
		8487A1972905961E005874A4 /* WelcomeHolder.swift in Sources */ = {isa = PBXBuildFile; fileRef = 8487A1962905961E005874A4 /* WelcomeHolder.swift */; };
		8487A19B290691B5005874A4 /* TableViewCell.swift in Sources */ = {isa = PBXBuildFile; fileRef = 8487A19A290691B5005874A4 /* TableViewCell.swift */; };
		8487A19E2906B66B005874A4 /* Extension + UIView.swift in Sources */ = {isa = PBXBuildFile; fileRef = 8487A19D2906B66B005874A4 /* Extension + UIView.swift */; };
		8487A1A02906C7CF005874A4 /* TitleTableViewCell.swift in Sources */ = {isa = PBXBuildFile; fileRef = 8487A19F2906C7CF005874A4 /* TitleTableViewCell.swift */; };
		84DA59FF28FF260D00806F44 /* AppDelegate.swift in Sources */ = {isa = PBXBuildFile; fileRef = 84DA59FE28FF260D00806F44 /* AppDelegate.swift */; };
		84DA5A0128FF260D00806F44 /* SceneDelegate.swift in Sources */ = {isa = PBXBuildFile; fileRef = 84DA5A0028FF260D00806F44 /* SceneDelegate.swift */; };
		84DA5A0328FF260D00806F44 /* ViewController.swift in Sources */ = {isa = PBXBuildFile; fileRef = 84DA5A0228FF260D00806F44 /* ViewController.swift */; };
		84DA5A0628FF260D00806F44 /* Main.storyboard in Resources */ = {isa = PBXBuildFile; fileRef = 84DA5A0428FF260D00806F44 /* Main.storyboard */; };
		84DA5A0828FF260F00806F44 /* Assets.xcassets in Resources */ = {isa = PBXBuildFile; fileRef = 84DA5A0728FF260F00806F44 /* Assets.xcassets */; };
		84DA5A0B28FF260F00806F44 /* LaunchScreen.storyboard in Resources */ = {isa = PBXBuildFile; fileRef = 84DA5A0928FF260F00806F44 /* LaunchScreen.storyboard */; };
		84DA5A1B28FF29F900806F44 /* Welcome.swift in Sources */ = {isa = PBXBuildFile; fileRef = 84DA5A1A28FF29F900806F44 /* Welcome.swift */; };
		84DA5A1E28FF2B0600806F44 /* NetworkManager.swift in Sources */ = {isa = PBXBuildFile; fileRef = 84DA5A1D28FF2B0600806F44 /* NetworkManager.swift */; };
/* End PBXBuildFile section */

/* Begin PBXFileReference section */
		8487A1962905961E005874A4 /* WelcomeHolder.swift */ = {isa = PBXFileReference; lastKnownFileType = sourcecode.swift; path = WelcomeHolder.swift; sourceTree = "<group>"; };
		8487A19A290691B5005874A4 /* TableViewCell.swift */ = {isa = PBXFileReference; lastKnownFileType = sourcecode.swift; path = TableViewCell.swift; sourceTree = "<group>"; };
		8487A19D2906B66B005874A4 /* Extension + UIView.swift */ = {isa = PBXFileReference; lastKnownFileType = sourcecode.swift; path = "Extension + UIView.swift"; sourceTree = "<group>"; };
		8487A19F2906C7CF005874A4 /* TitleTableViewCell.swift */ = {isa = PBXFileReference; lastKnownFileType = sourcecode.swift; path = TitleTableViewCell.swift; sourceTree = "<group>"; };
		84DA59FB28FF260D00806F44 /* Avito Trainee.app */ = {isa = PBXFileReference; explicitFileType = wrapper.application; includeInIndex = 0; path = "Avito Trainee.app"; sourceTree = BUILT_PRODUCTS_DIR; };
		84DA59FE28FF260D00806F44 /* AppDelegate.swift */ = {isa = PBXFileReference; lastKnownFileType = sourcecode.swift; path = AppDelegate.swift; sourceTree = "<group>"; };
		84DA5A0028FF260D00806F44 /* SceneDelegate.swift */ = {isa = PBXFileReference; lastKnownFileType = sourcecode.swift; path = SceneDelegate.swift; sourceTree = "<group>"; };
		84DA5A0228FF260D00806F44 /* ViewController.swift */ = {isa = PBXFileReference; lastKnownFileType = sourcecode.swift; path = ViewController.swift; sourceTree = "<group>"; };
		84DA5A0528FF260D00806F44 /* Base */ = {isa = PBXFileReference; lastKnownFileType = file.storyboard; name = Base; path = Base.lproj/Main.storyboard; sourceTree = "<group>"; };
		84DA5A0728FF260F00806F44 /* Assets.xcassets */ = {isa = PBXFileReference; lastKnownFileType = folder.assetcatalog; path = Assets.xcassets; sourceTree = "<group>"; };
		84DA5A0A28FF260F00806F44 /* Base */ = {isa = PBXFileReference; lastKnownFileType = file.storyboard; name = Base; path = Base.lproj/LaunchScreen.storyboard; sourceTree = "<group>"; };
		84DA5A0C28FF260F00806F44 /* Info.plist */ = {isa = PBXFileReference; lastKnownFileType = text.plist.xml; path = Info.plist; sourceTree = "<group>"; };
		84DA5A1A28FF29F900806F44 /* Welcome.swift */ = {isa = PBXFileReference; lastKnownFileType = sourcecode.swift; path = Welcome.swift; sourceTree = "<group>"; };
		84DA5A1D28FF2B0600806F44 /* NetworkManager.swift */ = {isa = PBXFileReference; lastKnownFileType = sourcecode.swift; path = NetworkManager.swift; sourceTree = "<group>"; };
/* End PBXFileReference section */

/* Begin PBXFrameworksBuildPhase section */
		84DA59F828FF260D00806F44 /* Frameworks */ = {
			isa = PBXFrameworksBuildPhase;
			buildActionMask = 2147483647;
			files = (
			);
			runOnlyForDeploymentPostprocessing = 0;
		};
/* End PBXFrameworksBuildPhase section */

/* Begin PBXGroup section */
		8487A19C2906B636005874A4 /* Views */ = {
			isa = PBXGroup;
			children = (
				8487A19D2906B66B005874A4 /* Extension + UIView.swift */,
			);
			path = Views;
			sourceTree = "<group>";
		};
		84DA59F228FF260D00806F44 = {
			isa = PBXGroup;
			children = (
				84DA59FD28FF260D00806F44 /* Avito Trainee */,
				84DA59FC28FF260D00806F44 /* Products */,
			);
			sourceTree = "<group>";
		};
		84DA59FC28FF260D00806F44 /* Products */ = {
			isa = PBXGroup;
			children = (
				84DA59FB28FF260D00806F44 /* Avito Trainee.app */,
			);
			name = Products;
			sourceTree = "<group>";
		};
		84DA59FD28FF260D00806F44 /* Avito Trainee */ = {
			isa = PBXGroup;
			children = (
				84DA5A1728FF28F600806F44 /* App */,
				84DA5A1C28FF29FE00806F44 /* Models */,
				84DA5A1828FF28FE00806F44 /* Screens */,
				84DA5A1F28FF2B1400806F44 /* Services */,
				84DA5A1928FF290700806F44 /* Sources */,
				8487A19C2906B636005874A4 /* Views */,
			);
			path = "Avito Trainee";
			sourceTree = "<group>";
		};
		84DA5A1728FF28F600806F44 /* App */ = {
			isa = PBXGroup;
			children = (
				84DA59FE28FF260D00806F44 /* AppDelegate.swift */,
				84DA5A0028FF260D00806F44 /* SceneDelegate.swift */,
			);
			path = App;
			sourceTree = "<group>";
		};
		84DA5A1828FF28FE00806F44 /* Screens */ = {
			isa = PBXGroup;
			children = (
				84DA5A0428FF260D00806F44 /* Main.storyboard */,
				8487A19A290691B5005874A4 /* TableViewCell.swift */,
				8487A19F2906C7CF005874A4 /* TitleTableViewCell.swift */,
				84DA5A0228FF260D00806F44 /* ViewController.swift */,
			);
			path = Screens;
			sourceTree = "<group>";
		};
		84DA5A1928FF290700806F44 /* Sources */ = {
			isa = PBXGroup;
			children = (
				84DA5A0728FF260F00806F44 /* Assets.xcassets */,
				84DA5A0928FF260F00806F44 /* LaunchScreen.storyboard */,
				84DA5A0C28FF260F00806F44 /* Info.plist */,
			);
			path = Sources;
			sourceTree = "<group>";
		};
		84DA5A1C28FF29FE00806F44 /* Models */ = {
			isa = PBXGroup;
			children = (
				84DA5A1A28FF29F900806F44 /* Welcome.swift */,
			);
			path = Models;
			sourceTree = "<group>";
		};
		84DA5A1F28FF2B1400806F44 /* Services */ = {
			isa = PBXGroup;
			children = (
				84DA5A1D28FF2B0600806F44 /* NetworkManager.swift */,
				8487A1962905961E005874A4 /* WelcomeHolder.swift */,
			);
			path = Services;
			sourceTree = "<group>";
		};
/* End PBXGroup section */

/* Begin PBXNativeTarget section */
		84DA59FA28FF260D00806F44 /* Avito Trainee */ = {
			isa = PBXNativeTarget;
			buildConfigurationList = 84DA5A0F28FF260F00806F44 /* Build configuration list for PBXNativeTarget "Avito Trainee" */;
			buildPhases = (
				84DA59F728FF260D00806F44 /* Sources */,
				84DA59F828FF260D00806F44 /* Frameworks */,
				84DA59F928FF260D00806F44 /* Resources */,
			);
			buildRules = (
			);
			dependencies = (
			);
			name = "Avito Trainee";
			productName = "Avito Trainee";
			productReference = 84DA59FB28FF260D00806F44 /* Avito Trainee.app */;
			productType = "com.apple.product-type.application";
		};
/* End PBXNativeTarget section */

/* Begin PBXProject section */
		84DA59F328FF260D00806F44 /* Project object */ = {
			isa = PBXProject;
			attributes = {
				BuildIndependentTargetsInParallel = 1;
				LastSwiftUpdateCheck = 1340;
				LastUpgradeCheck = 1340;
				TargetAttributes = {
					84DA59FA28FF260D00806F44 = {
						CreatedOnToolsVersion = 13.4.1;
					};
				};
			};
			buildConfigurationList = 84DA59F628FF260D00806F44 /* Build configuration list for PBXProject "Avito Trainee" */;
			compatibilityVersion = "Xcode 13.0";
			developmentRegion = en;
			hasScannedForEncodings = 0;
			knownRegions = (
				en,
				Base,
			);
			mainGroup = 84DA59F228FF260D00806F44;
			productRefGroup = 84DA59FC28FF260D00806F44 /* Products */;
			projectDirPath = "";
			projectRoot = "";
			targets = (
				84DA59FA28FF260D00806F44 /* Avito Trainee */,
			);
		};
/* End PBXProject section */

/* Begin PBXResourcesBuildPhase section */
		84DA59F928FF260D00806F44 /* Resources */ = {
			isa = PBXResourcesBuildPhase;
			buildActionMask = 2147483647;
			files = (
				84DA5A0B28FF260F00806F44 /* LaunchScreen.storyboard in Resources */,
				84DA5A0828FF260F00806F44 /* Assets.xcassets in Resources */,
				84DA5A0628FF260D00806F44 /* Main.storyboard in Resources */,
			);
			runOnlyForDeploymentPostprocessing = 0;
		};
/* End PBXResourcesBuildPhase section */

/* Begin PBXSourcesBuildPhase section */
		84DA59F728FF260D00806F44 /* Sources */ = {
			isa = PBXSourcesBuildPhase;
			buildActionMask = 2147483647;
			files = (
				8487A1972905961E005874A4 /* WelcomeHolder.swift in Sources */,
				84DA5A1B28FF29F900806F44 /* Welcome.swift in Sources */,
				84DA5A0328FF260D00806F44 /* ViewController.swift in Sources */,
				84DA5A1E28FF2B0600806F44 /* NetworkManager.swift in Sources */,
				8487A19E2906B66B005874A4 /* Extension + UIView.swift in Sources */,
				84DA59FF28FF260D00806F44 /* AppDelegate.swift in Sources */,
				8487A19B290691B5005874A4 /* TableViewCell.swift in Sources */,
				8487A1A02906C7CF005874A4 /* TitleTableViewCell.swift in Sources */,
				84DA5A0128FF260D00806F44 /* SceneDelegate.swift in Sources */,
			);
			runOnlyForDeploymentPostprocessing = 0;
		};
/* End PBXSourcesBuildPhase section */

/* Begin PBXVariantGroup section */
		84DA5A0428FF260D00806F44 /* Main.storyboard */ = {
			isa = PBXVariantGroup;
			children = (
				84DA5A0528FF260D00806F44 /* Base */,
			);
			name = Main.storyboard;
			sourceTree = "<group>";
		};
		84DA5A0928FF260F00806F44 /* LaunchScreen.storyboard */ = {
			isa = PBXVariantGroup;
			children = (
				84DA5A0A28FF260F00806F44 /* Base */,
			);
			name = LaunchScreen.storyboard;
			sourceTree = "<group>";
		};
/* End PBXVariantGroup section */

/* Begin XCBuildConfiguration section */
		84DA5A0D28FF260F00806F44 /* Debug */ = {
			isa = XCBuildConfiguration;
			buildSettings = {
				ALWAYS_SEARCH_USER_PATHS = NO;
				CLANG_ANALYZER_NONNULL = YES;
				CLANG_ANALYZER_NUMBER_OBJECT_CONVERSION = YES_AGGRESSIVE;
				CLANG_CXX_LANGUAGE_STANDARD = "gnu++17";
				CLANG_ENABLE_MODULES = YES;
				CLANG_ENABLE_OBJC_ARC = YES;
				CLANG_ENABLE_OBJC_WEAK = YES;
				CLANG_WARN_BLOCK_CAPTURE_AUTORELEASING = YES;
				CLANG_WARN_BOOL_CONVERSION = YES;
				CLANG_WARN_COMMA = YES;
				CLANG_WARN_CONSTANT_CONVERSION = YES;
				CLANG_WARN_DEPRECATED_OBJC_IMPLEMENTATIONS = YES;
				CLANG_WARN_DIRECT_OBJC_ISA_USAGE = YES_ERROR;
				CLANG_WARN_DOCUMENTATION_COMMENTS = YES;
				CLANG_WARN_EMPTY_BODY = YES;
				CLANG_WARN_ENUM_CONVERSION = YES;
				CLANG_WARN_INFINITE_RECURSION = YES;
				CLANG_WARN_INT_CONVERSION = YES;
				CLANG_WARN_NON_LITERAL_NULL_CONVERSION = YES;
				CLANG_WARN_OBJC_IMPLICIT_RETAIN_SELF = YES;
				CLANG_WARN_OBJC_LITERAL_CONVERSION = YES;
				CLANG_WARN_OBJC_ROOT_CLASS = YES_ERROR;
				CLANG_WARN_QUOTED_INCLUDE_IN_FRAMEWORK_HEADER = YES;
				CLANG_WARN_RANGE_LOOP_ANALYSIS = YES;
				CLANG_WARN_STRICT_PROTOTYPES = YES;
				CLANG_WARN_SUSPICIOUS_MOVE = YES;
				CLANG_WARN_UNGUARDED_AVAILABILITY = YES_AGGRESSIVE;
				CLANG_WARN_UNREACHABLE_CODE = YES;
				CLANG_WARN__DUPLICATE_METHOD_MATCH = YES;
				COPY_PHASE_STRIP = NO;
				DEBUG_INFORMATION_FORMAT = dwarf;
				ENABLE_STRICT_OBJC_MSGSEND = YES;
				ENABLE_TESTABILITY = YES;
				GCC_C_LANGUAGE_STANDARD = gnu11;
				GCC_DYNAMIC_NO_PIC = NO;
				GCC_NO_COMMON_BLOCKS = YES;
				GCC_OPTIMIZATION_LEVEL = 0;
				GCC_PREPROCESSOR_DEFINITIONS = (
					"DEBUG=1",
					"$(inherited)",
				);
				GCC_WARN_64_TO_32_BIT_CONVERSION = YES;
				GCC_WARN_ABOUT_RETURN_TYPE = YES_ERROR;
				GCC_WARN_UNDECLARED_SELECTOR = YES;
				GCC_WARN_UNINITIALIZED_AUTOS = YES_AGGRESSIVE;
				GCC_WARN_UNUSED_FUNCTION = YES;
				GCC_WARN_UNUSED_VARIABLE = YES;
				IPHONEOS_DEPLOYMENT_TARGET = 15.0;
				MTL_ENABLE_DEBUG_INFO = INCLUDE_SOURCE;
				MTL_FAST_MATH = YES;
				ONLY_ACTIVE_ARCH = YES;
				SDKROOT = iphoneos;
				SWIFT_ACTIVE_COMPILATION_CONDITIONS = DEBUG;
				SWIFT_OPTIMIZATION_LEVEL = "-Onone";
			};
			name = Debug;
		};
		84DA5A0E28FF260F00806F44 /* Release */ = {
			isa = XCBuildConfiguration;
			buildSettings = {
				ALWAYS_SEARCH_USER_PATHS = NO;
				CLANG_ANALYZER_NONNULL = YES;
				CLANG_ANALYZER_NUMBER_OBJECT_CONVERSION = YES_AGGRESSIVE;
				CLANG_CXX_LANGUAGE_STANDARD = "gnu++17";
				CLANG_ENABLE_MODULES = YES;
				CLANG_ENABLE_OBJC_ARC = YES;
				CLANG_ENABLE_OBJC_WEAK = YES;
				CLANG_WARN_BLOCK_CAPTURE_AUTORELEASING = YES;
				CLANG_WARN_BOOL_CONVERSION = YES;
				CLANG_WARN_COMMA = YES;
				CLANG_WARN_CONSTANT_CONVERSION = YES;
				CLANG_WARN_DEPRECATED_OBJC_IMPLEMENTATIONS = YES;
				CLANG_WARN_DIRECT_OBJC_ISA_USAGE = YES_ERROR;
				CLANG_WARN_DOCUMENTATION_COMMENTS = YES;
				CLANG_WARN_EMPTY_BODY = YES;
				CLANG_WARN_ENUM_CONVERSION = YES;
				CLANG_WARN_INFINITE_RECURSION = YES;
				CLANG_WARN_INT_CONVERSION = YES;
				CLANG_WARN_NON_LITERAL_NULL_CONVERSION = YES;
				CLANG_WARN_OBJC_IMPLICIT_RETAIN_SELF = YES;
				CLANG_WARN_OBJC_LITERAL_CONVERSION = YES;
				CLANG_WARN_OBJC_ROOT_CLASS = YES_ERROR;
				CLANG_WARN_QUOTED_INCLUDE_IN_FRAMEWORK_HEADER = YES;
				CLANG_WARN_RANGE_LOOP_ANALYSIS = YES;
				CLANG_WARN_STRICT_PROTOTYPES = YES;
				CLANG_WARN_SUSPICIOUS_MOVE = YES;
				CLANG_WARN_UNGUARDED_AVAILABILITY = YES_AGGRESSIVE;
				CLANG_WARN_UNREACHABLE_CODE = YES;
				CLANG_WARN__DUPLICATE_METHOD_MATCH = YES;
				COPY_PHASE_STRIP = NO;
				DEBUG_INFORMATION_FORMAT = "dwarf-with-dsym";
				ENABLE_NS_ASSERTIONS = NO;
				ENABLE_STRICT_OBJC_MSGSEND = YES;
				GCC_C_LANGUAGE_STANDARD = gnu11;
				GCC_NO_COMMON_BLOCKS = YES;
				GCC_WARN_64_TO_32_BIT_CONVERSION = YES;
				GCC_WARN_ABOUT_RETURN_TYPE = YES_ERROR;
				GCC_WARN_UNDECLARED_SELECTOR = YES;
				GCC_WARN_UNINITIALIZED_AUTOS = YES_AGGRESSIVE;
				GCC_WARN_UNUSED_FUNCTION = YES;
				GCC_WARN_UNUSED_VARIABLE = YES;
				IPHONEOS_DEPLOYMENT_TARGET = 15.0;
				MTL_ENABLE_DEBUG_INFO = NO;
				MTL_FAST_MATH = YES;
				SDKROOT = iphoneos;
				SWIFT_COMPILATION_MODE = wholemodule;
				SWIFT_OPTIMIZATION_LEVEL = "-O";
				VALIDATE_PRODUCT = YES;
			};
			name = Release;
		};
		84DA5A1028FF260F00806F44 /* Debug */ = {
			isa = XCBuildConfiguration;
			buildSettings = {
				ASSETCATALOG_COMPILER_APPICON_NAME = AppIcon;
				ASSETCATALOG_COMPILER_GLOBAL_ACCENT_COLOR_NAME = AccentColor;
				CODE_SIGN_STYLE = Automatic;
				CURRENT_PROJECT_VERSION = 1;
				DEVELOPMENT_TEAM = 7HBA82XQ29;
				GENERATE_INFOPLIST_FILE = YES;
				INFOPLIST_FILE = "Avito Trainee/Sources/Info.plist";
				INFOPLIST_KEY_UIApplicationSupportsIndirectInputEvents = YES;
				INFOPLIST_KEY_UILaunchStoryboardName = LaunchScreen;
				INFOPLIST_KEY_UIMainStoryboardFile = Main;
				INFOPLIST_KEY_UISupportedInterfaceOrientations_iPad = "UIInterfaceOrientationPortrait UIInterfaceOrientationPortraitUpsideDown UIInterfaceOrientationLandscapeLeft UIInterfaceOrientationLandscapeRight";
				INFOPLIST_KEY_UISupportedInterfaceOrientations_iPhone = "UIInterfaceOrientationPortrait UIInterfaceOrientationLandscapeLeft UIInterfaceOrientationLandscapeRight";
				LD_RUNPATH_SEARCH_PATHS = (
					"$(inherited)",
					"@executable_path/Frameworks",
				);
				MARKETING_VERSION = 1.0;
				PRODUCT_BUNDLE_IDENTIFIER = "packovv.Avito-Trainee";
				PRODUCT_NAME = "$(TARGET_NAME)";
				SWIFT_EMIT_LOC_STRINGS = YES;
				SWIFT_VERSION = 5.0;
				TARGETED_DEVICE_FAMILY = "1,2";
			};
			name = Debug;
		};
		84DA5A1128FF260F00806F44 /* Release */ = {
			isa = XCBuildConfiguration;
			buildSettings = {
				ASSETCATALOG_COMPILER_APPICON_NAME = AppIcon;
				ASSETCATALOG_COMPILER_GLOBAL_ACCENT_COLOR_NAME = AccentColor;
				CODE_SIGN_STYLE = Automatic;
				CURRENT_PROJECT_VERSION = 1;
				DEVELOPMENT_TEAM = 7HBA82XQ29;
				GENERATE_INFOPLIST_FILE = YES;
				INFOPLIST_FILE = "Avito Trainee/Sources/Info.plist";
				INFOPLIST_KEY_UIApplicationSupportsIndirectInputEvents = YES;
				INFOPLIST_KEY_UILaunchStoryboardName = LaunchScreen;
				INFOPLIST_KEY_UIMainStoryboardFile = Main;
				INFOPLIST_KEY_UISupportedInterfaceOrientations_iPad = "UIInterfaceOrientationPortrait UIInterfaceOrientationPortraitUpsideDown UIInterfaceOrientationLandscapeLeft UIInterfaceOrientationLandscapeRight";
				INFOPLIST_KEY_UISupportedInterfaceOrientations_iPhone = "UIInterfaceOrientationPortrait UIInterfaceOrientationLandscapeLeft UIInterfaceOrientationLandscapeRight";
				LD_RUNPATH_SEARCH_PATHS = (
					"$(inherited)",
					"@executable_path/Frameworks",
				);
				MARKETING_VERSION = 1.0;
				PRODUCT_BUNDLE_IDENTIFIER = "packovv.Avito-Trainee";
				PRODUCT_NAME = "$(TARGET_NAME)";
				SWIFT_EMIT_LOC_STRINGS = YES;
				SWIFT_VERSION = 5.0;
				TARGETED_DEVICE_FAMILY = "1,2";
			};
			name = Release;
		};
/* End XCBuildConfiguration section */

/* Begin XCConfigurationList section */
		84DA59F628FF260D00806F44 /* Build configuration list for PBXProject "Avito Trainee" */ = {
			isa = XCConfigurationList;
			buildConfigurations = (
				84DA5A0D28FF260F00806F44 /* Debug */,
				84DA5A0E28FF260F00806F44 /* Release */,
			);
			defaultConfigurationIsVisible = 0;
			defaultConfigurationName = Release;
		};
		84DA5A0F28FF260F00806F44 /* Build configuration list for PBXNativeTarget "Avito Trainee" */ = {
			isa = XCConfigurationList;
			buildConfigurations = (
				84DA5A1028FF260F00806F44 /* Debug */,
				84DA5A1128FF260F00806F44 /* Release */,
			);
			defaultConfigurationIsVisible = 0;
			defaultConfigurationName = Release;
		};
/* End XCConfigurationList section */
	};
	rootObject = 84DA59F328FF260D00806F44 /* Project object */;
}
